# THIS IS AN AUTOGENERATED FILE. DO NOT EDIT THIS FILE DIRECTLY.
# yarn lockfile v1


babylon@^6.15.0:
  version "6.18.0"
  resolved "https://registry.yarnpkg.com/babylon/-/babylon-6.18.0.tgz#af2f3b88fa6f5c1e4c634d1a0f8eac4f55b395e3"
  integrity sha512-q/UEjfGJ2Cm3oKV71DJz9d25TPnq5rhBVL2Q4fA5wcC3jcrdn7+SssEybFIxwAvvP+YCsCYNKughoF33GxgycQ==

flow-bin@^0.87.0:
  version "0.87.0"
  resolved "https://registry.yarnpkg.com/flow-bin/-/flow-bin-0.87.0.tgz#fab7f984d8cc767e93fa9eb01cf7d57ed744f19d"
  integrity sha512-mnvBXXZkUp4y6A96bR5BHa3q1ioIIN2L10w5osxJqagAakTXFYZwjl0t9cT3y2aCEf1wnK6n91xgYypQS/Dqbw==

flow-remove-types@^1.2.3:
  version "1.2.3"
  resolved "https://registry.yarnpkg.com/flow-remove-types/-/flow-remove-types-1.2.3.tgz#6131aefc7da43364bb8b479758c9dec7735d1a18"
  integrity sha512-ypq/U3V+t9atYiOuSJd40tekCra03EHKoRsiK/wXGrsZimuum0kdwVY7Yv0HTaoXgHW1WiayomYd+Q3kkvPl9Q==
  dependencies:
    babylon "^6.15.0"
    vlq "^0.2.1"

"js-tokens@^3.0.0 || ^4.0.0":
  version "4.0.0"
  resolved "https://registry.yarnpkg.com/js-tokens/-/js-tokens-4.0.0.tgz#19203fb59991df98e3a287050d4647cdeaf32499"
  integrity sha512-RdJUflcE3cUzKiMqQgsCu06FPu9UdIJO0beYbPhHN4k6apgJtifcoCtT9bcxOpYBtpD2kCM6Sbzg4CausW/PKQ==

lodash@^4.17.11:
  version "4.17.11"
  resolved "https://registry.yarnpkg.com/lodash/-/lodash-4.17.11.tgz#b39ea6229ef607ecd89e2c8df12536891cac9b8d"
  integrity sha512-cQKh8igo5QUhZ7lg38DYWAxMvjSAKG0A8wGSVimP07SIUEK2UO+arSRKbRZWtelMtN5V0Hkwh5ryOto/SshYIg==

loose-envify@^1.1.0, loose-envify@^1.3.1:
  version "1.4.0"
  resolved "https://registry.yarnpkg.com/loose-envify/-/loose-envify-1.4.0.tgz#71ee51fa7be4caec1a63839f7e682d8132d30caf"
  integrity sha512-lyuxPGr/Wfhrlem2CL/UcnUc1zcqKAImBDzukY7Y5F/yQiNdko6+fRLevlw1HgMySw7f611UIY408EtxRSoK3Q==
  dependencies:
    js-tokens "^3.0.0 || ^4.0.0"

object-assign@^4.1.1:
  version "4.1.1"
  resolved "https://registry.yarnpkg.com/object-assign/-/object-assign-4.1.1.tgz#2109adc7965887cfc05cbbd442cac8bfbb360863"
  integrity sha1-IQmtx5ZYh8/AXLvUQsrIv7s2CGM=

prop-types@^15.6.2:
  version "15.6.2"
  resolved "https://registry.yarnpkg.com/prop-types/-/prop-types-15.6.2.tgz#05d5ca77b4453e985d60fc7ff8c859094a497102"
  integrity sha512-3pboPvLiWD7dkI3qf3KbUe6hKFKa52w+AE0VCqECtf+QHAKgOL37tTaNCnuX1nAAQ4ZhyP+kYVKf8rLmJ/feDQ==
  dependencies:
    loose-envify "^1.3.1"
    object-assign "^4.1.1"

react@^16.6.3:
  version "16.6.3"
  resolved "https://registry.yarnpkg.com/react/-/react-16.6.3.tgz#25d77c91911d6bbdd23db41e70fb094cc1e0871c"
  integrity sha512-zCvmH2vbEolgKxtqXL2wmGCUxUyNheYn/C+PD1YAjfxHC54+MhdruyhO7QieQrYsYeTxrn93PM2y0jRH1zEExw==
  dependencies:
    loose-envify "^1.1.0"
    object-assign "^4.1.1"
    prop-types "^15.6.2"
    scheduler "^0.11.2"

sax@^1.2.4:
  version "1.2.4"
  resolved "https://registry.yarnpkg.com/sax/-/sax-1.2.4.tgz#2816234e2378bddc4e5354fab5caa895df7100d9"
  integrity sha512-NqVDv9TpANUjFm0N8uM5GxL36UgKi9/atZw+x7YFnQ8ckwFGKrl4xX4yWtrey3UJm5nP1kUbnYgLopqWNSRhWw==

scheduler@^0.11.2:
  version "0.11.3"
  resolved "https://registry.yarnpkg.com/scheduler/-/scheduler-0.11.3.tgz#b5769b90cf8b1464f3f3cfcafe8e3cd7555a2d6b"
  integrity sha512-i9X9VRRVZDd3xZw10NY5Z2cVMbdYg6gqFecfj79USv1CFN+YrJ3gIPRKf1qlY+Sxly4djoKdfx1T+m9dnRB8kQ==
  dependencies:
    loose-envify "^1.1.0"
    object-assign "^4.1.1"

vlq@^0.2.1:
  version "0.2.3"
  resolved "https://registry.yarnpkg.com/vlq/-/vlq-0.2.3.tgz#8f3e4328cf63b1540c0d67e1b2778386f8975b26"
  integrity sha512-DRibZL6DsNhIgYQ+wNdWDL2SL3bKPlVrRiBqV5yuMm++op8W4kGFtaQfCs4KEJn0wBZcHVHJ3eoywX8983k1ow==

xml-js@^1.6.8:
  version "1.6.8"
  resolved "https://registry.yarnpkg.com/xml-js/-/xml-js-1.6.8.tgz#e06419c54235f18f4c2cdda824cbd65a782330de"
  integrity sha512-kUv/geyN80d+s1T68uBfjoz+PjNUjwwf5AWWRwKRqqQaGozpMVsFsKYnenPsxlbN/VL7f0ia8NfLLPCDwX+95Q==
  dependencies:
    sax "^1.2.4"
